
Microsoft Visual Studio Solution File, Format Version 12.00
# Visual Studio 15
VisualStudioVersion = 15.0.27703.2035
MinimumVisualStudioVersion = 10.0.40219.1
Project("{FAE04EC0-301F-11D3-BF4B-00C04F79EFBC}") = "VehicleTrackingSystem", "VehicleTrackingSystem\VehicleTrackingSystem.csproj", "{959D6799-3CDD-4C48-8D61-1852D19F38A3}"
EndProject
Global
	GlobalSection(SolutionConfigurationPlatforms) = preSolution
		Debug|Any CPU = Debug|Any CPU
		Release|Any CPU = Release|Any CPU
	EndGlobalSection
	GlobalSection(ProjectConfigurationPlatforms) = postSolution
		{959D6799-3CDD-4C48-8D61-1852D19F38A3}.Debug|Any CPU.ActiveCfg = Debug|Any CPU
		{959D6799-3CDD-4C48-8D61-1852D19F38A3}.Debug|Any CPU.Build.0 = Debug|Any CPU
		{959D6799-3CDD-4C48-8D61-1852D19F38A3}.Release|Any CPU.ActiveCfg = Release|Any CPU
		{959D6799-3CDD-4C48-8D61-1852D19F38A3}.Release|Any CPU.Build.0 = Release|Any CPU
	EndGlobalSection
	GlobalSection(SolutionProperties) = preSolution
		HideSolutionNode = FALSE
	EndGlobalSection
	GlobalSection(ExtensibilityGlobals) = postSolution
		SolutionGuid = {FFD53C25-5D2D-4AED-B9D0-84E417FE5919}
	EndGlobalSection
EndGlobal
